// !$*UTF8*$!
{
	archiveVersion = 1;
	classes = {
	};
	objectVersion = 50;
	objects = {

/* Begin PBXBuildFile section */
		861B87712757818A0017FD00 /* MainViewModel.swift in Sources */ = {isa = PBXBuildFile; fileRef = 861B87702757818A0017FD00 /* MainViewModel.swift */; };
		86323D272426265E004D367C /* TimerAction.swift in Sources */ = {isa = PBXBuildFile; fileRef = 86323D262426265E004D367C /* TimerAction.swift */; };
		86813FD42374EAE300DA5F23 /* AppDelegate.swift in Sources */ = {isa = PBXBuildFile; fileRef = 86813FD32374EAE300DA5F23 /* AppDelegate.swift */; };
		86813FD62374EAE300DA5F23 /* SceneDelegate.swift in Sources */ = {isa = PBXBuildFile; fileRef = 86813FD52374EAE300DA5F23 /* SceneDelegate.swift */; };
		86813FD82374EAE300DA5F23 /* MainViewController.swift in Sources */ = {isa = PBXBuildFile; fileRef = 86813FD72374EAE300DA5F23 /* MainViewController.swift */; };
		86813FDB2374EAE300DA5F23 /* Main.storyboard in Resources */ = {isa = PBXBuildFile; fileRef = 86813FD92374EAE300DA5F23 /* Main.storyboard */; };
		86813FDD2374EAE600DA5F23 /* Assets.xcassets in Resources */ = {isa = PBXBuildFile; fileRef = 86813FDC2374EAE600DA5F23 /* Assets.xcassets */; };
		86813FE02374EAE600DA5F23 /* LaunchScreen.storyboard in Resources */ = {isa = PBXBuildFile; fileRef = 86813FDE2374EAE600DA5F23 /* LaunchScreen.storyboard */; };
		86813FEE2374FACE00DA5F23 /* SettingsViewController.swift in Sources */ = {isa = PBXBuildFile; fileRef = 86813FED2374FACE00DA5F23 /* SettingsViewController.swift */; };
		86AC0B172758A4D7008496A2 /* AudioNotifications.swift in Sources */ = {isa = PBXBuildFile; fileRef = 86AC0B162758A4D7008496A2 /* AudioNotifications.swift */; };
		86B46274275756A100CD1323 /* LocalStorage.swift in Sources */ = {isa = PBXBuildFile; fileRef = 86B46273275756A100CD1323 /* LocalStorage.swift */; };
		86B462782757723900CD1323 /* SettingsViewModel.swift in Sources */ = {isa = PBXBuildFile; fileRef = 86B462772757723900CD1323 /* SettingsViewModel.swift */; };
		86CC1B7F23CF09BE00CAFA47 /* TimerStates.swift in Sources */ = {isa = PBXBuildFile; fileRef = 86CC1B7E23CF09BE00CAFA47 /* TimerStates.swift */; };
		86CC1B8323CF162300CAFA47 /* LabelWithShapesView.swift in Sources */ = {isa = PBXBuildFile; fileRef = 86CC1B8223CF162300CAFA47 /* LabelWithShapesView.swift */; };
		86D5342727703080001D0241 /* TimerActionTests.swift in Sources */ = {isa = PBXBuildFile; fileRef = 86D5342627703080001D0241 /* TimerActionTests.swift */; };
		86D5342B27705B66001D0241 /* LocalStorageTests.swift in Sources */ = {isa = PBXBuildFile; fileRef = 86D5342A27705B66001D0241 /* LocalStorageTests.swift */; };
		86D5343127705E31001D0241 /* TimerStorage.swift in Sources */ = {isa = PBXBuildFile; fileRef = 86D5343027705E31001D0241 /* TimerStorage.swift */; };
		86D5343527705F35001D0241 /* MainViewModelTests.swift in Sources */ = {isa = PBXBuildFile; fileRef = 86D5343427705F35001D0241 /* MainViewModelTests.swift */; };
		9861D57DC2F19CD257E9DA5C /* Pods_Focus_Timer.framework in Frameworks */ = {isa = PBXBuildFile; fileRef = 18688B89D548CB8672DDB3A7 /* Pods_Focus_Timer.framework */; };
/* End PBXBuildFile section */

/* Begin PBXContainerItemProxy section */
		86D5341F27702046001D0241 /* PBXContainerItemProxy */ = {
			isa = PBXContainerItemProxy;
			containerPortal = 86813FC82374EAE300DA5F23 /* Project object */;
			proxyType = 1;
			remoteGlobalIDString = 86813FCF2374EAE300DA5F23;
			remoteInfo = "Focus Timer";
		};
/* End PBXContainerItemProxy section */

/* Begin PBXFileReference section */
		18688B89D548CB8672DDB3A7 /* Pods_Focus_Timer.framework */ = {isa = PBXFileReference; explicitFileType = wrapper.framework; includeInIndex = 0; path = Pods_Focus_Timer.framework; sourceTree = BUILT_PRODUCTS_DIR; };
		861B87702757818A0017FD00 /* MainViewModel.swift */ = {isa = PBXFileReference; lastKnownFileType = sourcecode.swift; path = MainViewModel.swift; sourceTree = "<group>"; };
		86323D262426265E004D367C /* TimerAction.swift */ = {isa = PBXFileReference; lastKnownFileType = sourcecode.swift; path = TimerAction.swift; sourceTree = "<group>"; };
		86813FD02374EAE300DA5F23 /* Focus Timer.app */ = {isa = PBXFileReference; explicitFileType = wrapper.application; includeInIndex = 0; path = "Focus Timer.app"; sourceTree = BUILT_PRODUCTS_DIR; };
		86813FD32374EAE300DA5F23 /* AppDelegate.swift */ = {isa = PBXFileReference; lastKnownFileType = sourcecode.swift; path = AppDelegate.swift; sourceTree = "<group>"; };
		86813FD52374EAE300DA5F23 /* SceneDelegate.swift */ = {isa = PBXFileReference; lastKnownFileType = sourcecode.swift; path = SceneDelegate.swift; sourceTree = "<group>"; };
		86813FD72374EAE300DA5F23 /* MainViewController.swift */ = {isa = PBXFileReference; lastKnownFileType = sourcecode.swift; path = MainViewController.swift; sourceTree = "<group>"; };
		86813FDA2374EAE300DA5F23 /* Base */ = {isa = PBXFileReference; lastKnownFileType = file.storyboard; name = Base; path = Base.lproj/Main.storyboard; sourceTree = "<group>"; };
		86813FDC2374EAE600DA5F23 /* Assets.xcassets */ = {isa = PBXFileReference; lastKnownFileType = folder.assetcatalog; path = Assets.xcassets; sourceTree = "<group>"; };
		86813FDF2374EAE600DA5F23 /* Base */ = {isa = PBXFileReference; lastKnownFileType = file.storyboard; name = Base; path = Base.lproj/LaunchScreen.storyboard; sourceTree = "<group>"; };
		86813FE12374EAE600DA5F23 /* Info.plist */ = {isa = PBXFileReference; lastKnownFileType = text.plist.xml; path = Info.plist; sourceTree = "<group>"; };
		86813FED2374FACE00DA5F23 /* SettingsViewController.swift */ = {isa = PBXFileReference; lastKnownFileType = sourcecode.swift; path = SettingsViewController.swift; sourceTree = "<group>"; };
		86AC0B162758A4D7008496A2 /* AudioNotifications.swift */ = {isa = PBXFileReference; lastKnownFileType = sourcecode.swift; path = AudioNotifications.swift; sourceTree = "<group>"; };
		86B46273275756A100CD1323 /* LocalStorage.swift */ = {isa = PBXFileReference; lastKnownFileType = sourcecode.swift; path = LocalStorage.swift; sourceTree = "<group>"; };
		86B462772757723900CD1323 /* SettingsViewModel.swift */ = {isa = PBXFileReference; lastKnownFileType = sourcecode.swift; path = SettingsViewModel.swift; sourceTree = "<group>"; };
		86CC1B7E23CF09BE00CAFA47 /* TimerStates.swift */ = {isa = PBXFileReference; lastKnownFileType = sourcecode.swift; path = TimerStates.swift; sourceTree = "<group>"; };
		86CC1B8223CF162300CAFA47 /* LabelWithShapesView.swift */ = {isa = PBXFileReference; lastKnownFileType = sourcecode.swift; path = LabelWithShapesView.swift; sourceTree = "<group>"; };
		86D5341A27702046001D0241 /* Focus TimerTests.xctest */ = {isa = PBXFileReference; explicitFileType = wrapper.cfbundle; includeInIndex = 0; path = "Focus TimerTests.xctest"; sourceTree = BUILT_PRODUCTS_DIR; };
		86D5341E27702046001D0241 /* Info.plist */ = {isa = PBXFileReference; lastKnownFileType = text.plist.xml; path = Info.plist; sourceTree = "<group>"; };
		86D5342627703080001D0241 /* TimerActionTests.swift */ = {isa = PBXFileReference; lastKnownFileType = sourcecode.swift; path = TimerActionTests.swift; sourceTree = "<group>"; };
		86D5342A27705B66001D0241 /* LocalStorageTests.swift */ = {isa = PBXFileReference; lastKnownFileType = sourcecode.swift; path = LocalStorageTests.swift; sourceTree = "<group>"; };
		86D5343027705E31001D0241 /* TimerStorage.swift */ = {isa = PBXFileReference; lastKnownFileType = sourcecode.swift; path = TimerStorage.swift; sourceTree = "<group>"; };
		86D5343427705F35001D0241 /* MainViewModelTests.swift */ = {isa = PBXFileReference; lastKnownFileType = sourcecode.swift; path = MainViewModelTests.swift; sourceTree = "<group>"; };
		CDDC9E560FB4965617CC42E4 /* Pods-Focus Timer.release.xcconfig */ = {isa = PBXFileReference; includeInIndex = 1; lastKnownFileType = text.xcconfig; name = "Pods-Focus Timer.release.xcconfig"; path = "Target Support Files/Pods-Focus Timer/Pods-Focus Timer.release.xcconfig"; sourceTree = "<group>"; };
		E9ED44CF9914AC45A0A10712 /* Pods-Focus Timer.debug.xcconfig */ = {isa = PBXFileReference; includeInIndex = 1; lastKnownFileType = text.xcconfig; name = "Pods-Focus Timer.debug.xcconfig"; path = "Target Support Files/Pods-Focus Timer/Pods-Focus Timer.debug.xcconfig"; sourceTree = "<group>"; };
/* End PBXFileReference section */

/* Begin PBXFrameworksBuildPhase section */
		86813FCD2374EAE300DA5F23 /* Frameworks */ = {
			isa = PBXFrameworksBuildPhase;
			buildActionMask = 2147483647;
			files = (
				9861D57DC2F19CD257E9DA5C /* Pods_Focus_Timer.framework in Frameworks */,
			);
			runOnlyForDeploymentPostprocessing = 0;
		};
		86D5341727702046001D0241 /* Frameworks */ = {
			isa = PBXFrameworksBuildPhase;
			buildActionMask = 2147483647;
			files = (
			);
			runOnlyForDeploymentPostprocessing = 0;
		};
/* End PBXFrameworksBuildPhase section */

/* Begin PBXGroup section */
		86527122275C874300F9741C /* Audio */ = {
			isa = PBXGroup;
			children = (
				86AC0B162758A4D7008496A2 /* AudioNotifications.swift */,
			);
			path = Audio;
			sourceTree = "<group>";
		};
		86813FC72374EAE300DA5F23 = {
			isa = PBXGroup;
			children = (
				86813FD22374EAE300DA5F23 /* Focus Timer */,
				86813FD92374EAE300DA5F23 /* Main.storyboard */,
				86D5341B27702046001D0241 /* Focus TimerTests */,
				86813FD12374EAE300DA5F23 /* Products */,
				A4063B611D94BFD3032E83F7 /* Pods */,
				D09E167C005D9EF5E4AB52A9 /* Frameworks */,
			);
			sourceTree = "<group>";
		};
		86813FD12374EAE300DA5F23 /* Products */ = {
			isa = PBXGroup;
			children = (
				86813FD02374EAE300DA5F23 /* Focus Timer.app */,
				86D5341A27702046001D0241 /* Focus TimerTests.xctest */,
			);
			name = Products;
			sourceTree = "<group>";
		};
		86813FD22374EAE300DA5F23 /* Focus Timer */ = {
			isa = PBXGroup;
			children = (
				86FB2ECE256CDA9100291C23 /* Views */,
				86AC0B142758A44D008496A2 /* MainInterface */,
				86AC0B152758A45A008496A2 /* SettingsInterface */,
				86B462722757555200CD1323 /* Storage */,
				86B4626E275751DA00CD1323 /* States */,
				86FB2ECD256CDA7700291C23 /* Timer */,
				86527122275C874300F9741C /* Audio */,
				86813FEA2374ED1400DA5F23 /* Supporting files */,
			);
			path = "Focus Timer";
			sourceTree = "<group>";
		};
		86813FEA2374ED1400DA5F23 /* Supporting files */ = {
			isa = PBXGroup;
			children = (
				86813FD32374EAE300DA5F23 /* AppDelegate.swift */,
				86813FD52374EAE300DA5F23 /* SceneDelegate.swift */,
				86813FDC2374EAE600DA5F23 /* Assets.xcassets */,
				86813FDE2374EAE600DA5F23 /* LaunchScreen.storyboard */,
				86813FE12374EAE600DA5F23 /* Info.plist */,
			);
			path = "Supporting files";
			sourceTree = "<group>";
		};
		86AC0B142758A44D008496A2 /* MainInterface */ = {
			isa = PBXGroup;
			children = (
				86813FD72374EAE300DA5F23 /* MainViewController.swift */,
				861B87702757818A0017FD00 /* MainViewModel.swift */,
			);
			path = MainInterface;
			sourceTree = "<group>";
		};
		86AC0B152758A45A008496A2 /* SettingsInterface */ = {
			isa = PBXGroup;
			children = (
				86813FED2374FACE00DA5F23 /* SettingsViewController.swift */,
				86B462772757723900CD1323 /* SettingsViewModel.swift */,
			);
			path = SettingsInterface;
			sourceTree = "<group>";
		};
		86B4626E275751DA00CD1323 /* States */ = {
			isa = PBXGroup;
			children = (
				86CC1B7E23CF09BE00CAFA47 /* TimerStates.swift */,
			);
			path = States;
			sourceTree = "<group>";
		};
		86B462722757555200CD1323 /* Storage */ = {
			isa = PBXGroup;
			children = (
				86B46273275756A100CD1323 /* LocalStorage.swift */,
				86D5343027705E31001D0241 /* TimerStorage.swift */,
			);
			path = Storage;
			sourceTree = "<group>";
		};
		86D5341B27702046001D0241 /* Focus TimerTests */ = {
			isa = PBXGroup;
			children = (
				86D5342627703080001D0241 /* TimerActionTests.swift */,
				86D5342A27705B66001D0241 /* LocalStorageTests.swift */,
				86D5343427705F35001D0241 /* MainViewModelTests.swift */,
				86D5341E27702046001D0241 /* Info.plist */,
			);
			path = "Focus TimerTests";
			sourceTree = "<group>";
		};
		86FB2ECD256CDA7700291C23 /* Timer */ = {
			isa = PBXGroup;
			children = (
				86323D262426265E004D367C /* TimerAction.swift */,
			);
			path = Timer;
			sourceTree = "<group>";
		};
		86FB2ECE256CDA9100291C23 /* Views */ = {
			isa = PBXGroup;
			children = (
				86CC1B8223CF162300CAFA47 /* LabelWithShapesView.swift */,
			);
			path = Views;
			sourceTree = "<group>";
		};
		A4063B611D94BFD3032E83F7 /* Pods */ = {
			isa = PBXGroup;
			children = (
				E9ED44CF9914AC45A0A10712 /* Pods-Focus Timer.debug.xcconfig */,
				CDDC9E560FB4965617CC42E4 /* Pods-Focus Timer.release.xcconfig */,
			);
			path = Pods;
			sourceTree = "<group>";
		};
		D09E167C005D9EF5E4AB52A9 /* Frameworks */ = {
			isa = PBXGroup;
			children = (
				18688B89D548CB8672DDB3A7 /* Pods_Focus_Timer.framework */,
			);
			name = Frameworks;
			sourceTree = "<group>";
		};
/* End PBXGroup section */

/* Begin PBXNativeTarget section */
		86813FCF2374EAE300DA5F23 /* Focus Timer */ = {
			isa = PBXNativeTarget;
			buildConfigurationList = 86813FE42374EAE600DA5F23 /* Build configuration list for PBXNativeTarget "Focus Timer" */;
			buildPhases = (
				4E7D1AF782A872B9D1B1FBDA /* [CP] Check Pods Manifest.lock */,
				86813FCC2374EAE300DA5F23 /* Sources */,
				86813FCD2374EAE300DA5F23 /* Frameworks */,
				86813FCE2374EAE300DA5F23 /* Resources */,
			);
			buildRules = (
			);
			dependencies = (
			);
			name = "Focus Timer";
			productName = "Focus Timer";
			productReference = 86813FD02374EAE300DA5F23 /* Focus Timer.app */;
			productType = "com.apple.product-type.application";
		};
		86D5341927702046001D0241 /* Focus TimerTests */ = {
			isa = PBXNativeTarget;
			buildConfigurationList = 86D5342327702046001D0241 /* Build configuration list for PBXNativeTarget "Focus TimerTests" */;
			buildPhases = (
				86D5341627702046001D0241 /* Sources */,
				86D5341727702046001D0241 /* Frameworks */,
				86D5341827702046001D0241 /* Resources */,
			);
			buildRules = (
			);
			dependencies = (
				86D5342027702046001D0241 /* PBXTargetDependency */,
			);
			name = "Focus TimerTests";
			productName = "Focus TimerTests";
			productReference = 86D5341A27702046001D0241 /* Focus TimerTests.xctest */;
			productType = "com.apple.product-type.bundle.unit-test";
		};
/* End PBXNativeTarget section */

/* Begin PBXProject section */
		86813FC82374EAE300DA5F23 /* Project object */ = {
			isa = PBXProject;
			attributes = {
				LastSwiftUpdateCheck = 1240;
				LastUpgradeCheck = 1210;
				TargetAttributes = {
					86813FCF2374EAE300DA5F23 = {
						CreatedOnToolsVersion = 11.1;
					};
					86D5341927702046001D0241 = {
						CreatedOnToolsVersion = 12.4;
						TestTargetID = 86813FCF2374EAE300DA5F23;
					};
				};
			};
			buildConfigurationList = 86813FCB2374EAE300DA5F23 /* Build configuration list for PBXProject "Focus Timer" */;
			compatibilityVersion = "Xcode 9.3";
			developmentRegion = en;
			hasScannedForEncodings = 0;
			knownRegions = (
				en,
				Base,
			);
			mainGroup = 86813FC72374EAE300DA5F23;
			productRefGroup = 86813FD12374EAE300DA5F23 /* Products */;
			projectDirPath = "";
			projectRoot = "";
			targets = (
				86813FCF2374EAE300DA5F23 /* Focus Timer */,
				86D5341927702046001D0241 /* Focus TimerTests */,
			);
		};
/* End PBXProject section */

/* Begin PBXResourcesBuildPhase section */
		86813FCE2374EAE300DA5F23 /* Resources */ = {
			isa = PBXResourcesBuildPhase;
			buildActionMask = 2147483647;
			files = (
				86813FE02374EAE600DA5F23 /* LaunchScreen.storyboard in Resources */,
				86813FDD2374EAE600DA5F23 /* Assets.xcassets in Resources */,
				86813FDB2374EAE300DA5F23 /* Main.storyboard in Resources */,
			);
			runOnlyForDeploymentPostprocessing = 0;
		};
		86D5341827702046001D0241 /* Resources */ = {
			isa = PBXResourcesBuildPhase;
			buildActionMask = 2147483647;
			files = (
			);
			runOnlyForDeploymentPostprocessing = 0;
		};
/* End PBXResourcesBuildPhase section */

/* Begin PBXShellScriptBuildPhase section */
		4E7D1AF782A872B9D1B1FBDA /* [CP] Check Pods Manifest.lock */ = {
			isa = PBXShellScriptBuildPhase;
			buildActionMask = 2147483647;
			files = (
			);
			inputFileListPaths = (
			);
			inputPaths = (
				"${PODS_PODFILE_DIR_PATH}/Podfile.lock",
				"${PODS_ROOT}/Manifest.lock",
			);
			name = "[CP] Check Pods Manifest.lock";
			outputFileListPaths = (
			);
			outputPaths = (
				"$(DERIVED_FILE_DIR)/Pods-Focus Timer-checkManifestLockResult.txt",
			);
			runOnlyForDeploymentPostprocessing = 0;
			shellPath = /bin/sh;
			shellScript = "diff \"${PODS_PODFILE_DIR_PATH}/Podfile.lock\" \"${PODS_ROOT}/Manifest.lock\" > /dev/null\nif [ $? != 0 ] ; then\n    # print error to STDERR\n    echo \"error: The sandbox is not in sync with the Podfile.lock. Run 'pod install' or update your CocoaPods installation.\" >&2\n    exit 1\nfi\n# This output is used by Xcode 'outputs' to avoid re-running this script phase.\necho \"SUCCESS\" > \"${SCRIPT_OUTPUT_FILE_0}\"\n";
			showEnvVarsInLog = 0;
		};
/* End PBXShellScriptBuildPhase section */

/* Begin PBXSourcesBuildPhase section */
		86813FCC2374EAE300DA5F23 /* Sources */ = {
			isa = PBXSourcesBuildPhase;
			buildActionMask = 2147483647;
			files = (
				86CC1B7F23CF09BE00CAFA47 /* TimerStates.swift in Sources */,
				86323D272426265E004D367C /* TimerAction.swift in Sources */,
				86AC0B172758A4D7008496A2 /* AudioNotifications.swift in Sources */,
				86813FD82374EAE300DA5F23 /* MainViewController.swift in Sources */,
				86813FD42374EAE300DA5F23 /* AppDelegate.swift in Sources */,
				86B462782757723900CD1323 /* SettingsViewModel.swift in Sources */,
				86813FD62374EAE300DA5F23 /* SceneDelegate.swift in Sources */,
				86D5343127705E31001D0241 /* TimerStorage.swift in Sources */,
				86B46274275756A100CD1323 /* LocalStorage.swift in Sources */,
				86CC1B8323CF162300CAFA47 /* LabelWithShapesView.swift in Sources */,
				86813FEE2374FACE00DA5F23 /* SettingsViewController.swift in Sources */,
				861B87712757818A0017FD00 /* MainViewModel.swift in Sources */,
			);
			runOnlyForDeploymentPostprocessing = 0;
		};
		86D5341627702046001D0241 /* Sources */ = {
			isa = PBXSourcesBuildPhase;
			buildActionMask = 2147483647;
			files = (
				86D5343527705F35001D0241 /* MainViewModelTests.swift in Sources */,
				86D5342727703080001D0241 /* TimerActionTests.swift in Sources */,
				86D5342B27705B66001D0241 /* LocalStorageTests.swift in Sources */,
			);
			runOnlyForDeploymentPostprocessing = 0;
		};
/* End PBXSourcesBuildPhase section */

/* Begin PBXTargetDependency section */
		86D5342027702046001D0241 /* PBXTargetDependency */ = {
			isa = PBXTargetDependency;
			target = 86813FCF2374EAE300DA5F23 /* Focus Timer */;
			targetProxy = 86D5341F27702046001D0241 /* PBXContainerItemProxy */;
		};
/* End PBXTargetDependency section */

/* Begin PBXVariantGroup section */
		86813FD92374EAE300DA5F23 /* Main.storyboard */ = {
			isa = PBXVariantGroup;
			children = (
				86813FDA2374EAE300DA5F23 /* Base */,
			);
			name = Main.storyboard;
			sourceTree = "<group>";
		};
		86813FDE2374EAE600DA5F23 /* LaunchScreen.storyboard */ = {
			isa = PBXVariantGroup;
			children = (
				86813FDF2374EAE600DA5F23 /* Base */,
			);
			name = LaunchScreen.storyboard;
			sourceTree = "<group>";
		};
/* End PBXVariantGroup section */

/* Begin XCBuildConfiguration section */
		86813FE22374EAE600DA5F23 /* Debug */ = {
			isa = XCBuildConfiguration;
			buildSettings = {
				ALWAYS_SEARCH_USER_PATHS = NO;
				CLANG_ANALYZER_NONNULL = YES;
				CLANG_ANALYZER_NUMBER_OBJECT_CONVERSION = YES_AGGRESSIVE;
				CLANG_CXX_LANGUAGE_STANDARD = "gnu++14";
				CLANG_CXX_LIBRARY = "libc++";
				CLANG_ENABLE_MODULES = YES;
				CLANG_ENABLE_OBJC_ARC = YES;
				CLANG_ENABLE_OBJC_WEAK = YES;
				CLANG_WARN_BLOCK_CAPTURE_AUTORELEASING = YES;
				CLANG_WARN_BOOL_CONVERSION = YES;
				CLANG_WARN_COMMA = YES;
				CLANG_WARN_CONSTANT_CONVERSION = YES;
				CLANG_WARN_DEPRECATED_OBJC_IMPLEMENTATIONS = YES;
				CLANG_WARN_DIRECT_OBJC_ISA_USAGE = YES_ERROR;
				CLANG_WARN_DOCUMENTATION_COMMENTS = YES;
				CLANG_WARN_EMPTY_BODY = YES;
				CLANG_WARN_ENUM_CONVERSION = YES;
				CLANG_WARN_INFINITE_RECURSION = YES;
				CLANG_WARN_INT_CONVERSION = YES;
				CLANG_WARN_NON_LITERAL_NULL_CONVERSION = YES;
				CLANG_WARN_OBJC_IMPLICIT_RETAIN_SELF = YES;
				CLANG_WARN_OBJC_LITERAL_CONVERSION = YES;
				CLANG_WARN_OBJC_ROOT_CLASS = YES_ERROR;
				CLANG_WARN_QUOTED_INCLUDE_IN_FRAMEWORK_HEADER = YES;
				CLANG_WARN_RANGE_LOOP_ANALYSIS = YES;
				CLANG_WARN_STRICT_PROTOTYPES = YES;
				CLANG_WARN_SUSPICIOUS_MOVE = YES;
				CLANG_WARN_UNGUARDED_AVAILABILITY = YES_AGGRESSIVE;
				CLANG_WARN_UNREACHABLE_CODE = YES;
				CLANG_WARN__DUPLICATE_METHOD_MATCH = YES;
				COPY_PHASE_STRIP = NO;
				DEBUG_INFORMATION_FORMAT = dwarf;
				ENABLE_STRICT_OBJC_MSGSEND = YES;
				ENABLE_TESTABILITY = YES;
				GCC_C_LANGUAGE_STANDARD = gnu11;
				GCC_DYNAMIC_NO_PIC = NO;
				GCC_NO_COMMON_BLOCKS = YES;
				GCC_OPTIMIZATION_LEVEL = 0;
				GCC_PREPROCESSOR_DEFINITIONS = (
					"DEBUG=1",
					"$(inherited)",
				);
				GCC_WARN_64_TO_32_BIT_CONVERSION = YES;
				GCC_WARN_ABOUT_RETURN_TYPE = YES_ERROR;
				GCC_WARN_UNDECLARED_SELECTOR = YES;
				GCC_WARN_UNINITIALIZED_AUTOS = YES_AGGRESSIVE;
				GCC_WARN_UNUSED_FUNCTION = YES;
				GCC_WARN_UNUSED_VARIABLE = YES;
				IPHONEOS_DEPLOYMENT_TARGET = 14.1;
				MTL_ENABLE_DEBUG_INFO = INCLUDE_SOURCE;
				MTL_FAST_MATH = YES;
				ONLY_ACTIVE_ARCH = YES;
				SDKROOT = iphoneos;
				SWIFT_ACTIVE_COMPILATION_CONDITIONS = DEBUG;
				SWIFT_OPTIMIZATION_LEVEL = "-Onone";
			};
			name = Debug;
		};
		86813FE32374EAE600DA5F23 /* Release */ = {
			isa = XCBuildConfiguration;
			buildSettings = {
				ALWAYS_SEARCH_USER_PATHS = NO;
				CLANG_ANALYZER_NONNULL = YES;
				CLANG_ANALYZER_NUMBER_OBJECT_CONVERSION = YES_AGGRESSIVE;
				CLANG_CXX_LANGUAGE_STANDARD = "gnu++14";
				CLANG_CXX_LIBRARY = "libc++";
				CLANG_ENABLE_MODULES = YES;
				CLANG_ENABLE_OBJC_ARC = YES;
				CLANG_ENABLE_OBJC_WEAK = YES;
				CLANG_WARN_BLOCK_CAPTURE_AUTORELEASING = YES;
				CLANG_WARN_BOOL_CONVERSION = YES;
				CLANG_WARN_COMMA = YES;
				CLANG_WARN_CONSTANT_CONVERSION = YES;
				CLANG_WARN_DEPRECATED_OBJC_IMPLEMENTATIONS = YES;
				CLANG_WARN_DIRECT_OBJC_ISA_USAGE = YES_ERROR;
				CLANG_WARN_DOCUMENTATION_COMMENTS = YES;
				CLANG_WARN_EMPTY_BODY = YES;
				CLANG_WARN_ENUM_CONVERSION = YES;
				CLANG_WARN_INFINITE_RECURSION = YES;
				CLANG_WARN_INT_CONVERSION = YES;
				CLANG_WARN_NON_LITERAL_NULL_CONVERSION = YES;
				CLANG_WARN_OBJC_IMPLICIT_RETAIN_SELF = YES;
				CLANG_WARN_OBJC_LITERAL_CONVERSION = YES;
				CLANG_WARN_OBJC_ROOT_CLASS = YES_ERROR;
				CLANG_WARN_QUOTED_INCLUDE_IN_FRAMEWORK_HEADER = YES;
				CLANG_WARN_RANGE_LOOP_ANALYSIS = YES;
				CLANG_WARN_STRICT_PROTOTYPES = YES;
				CLANG_WARN_SUSPICIOUS_MOVE = YES;
				CLANG_WARN_UNGUARDED_AVAILABILITY = YES_AGGRESSIVE;
				CLANG_WARN_UNREACHABLE_CODE = YES;
				CLANG_WARN__DUPLICATE_METHOD_MATCH = YES;
				COPY_PHASE_STRIP = NO;
				DEBUG_INFORMATION_FORMAT = "dwarf-with-dsym";
				ENABLE_NS_ASSERTIONS = NO;
				ENABLE_STRICT_OBJC_MSGSEND = YES;
				GCC_C_LANGUAGE_STANDARD = gnu11;
				GCC_NO_COMMON_BLOCKS = YES;
				GCC_WARN_64_TO_32_BIT_CONVERSION = YES;
				GCC_WARN_ABOUT_RETURN_TYPE = YES_ERROR;
				GCC_WARN_UNDECLARED_SELECTOR = YES;
				GCC_WARN_UNINITIALIZED_AUTOS = YES_AGGRESSIVE;
				GCC_WARN_UNUSED_FUNCTION = YES;
				GCC_WARN_UNUSED_VARIABLE = YES;
				IPHONEOS_DEPLOYMENT_TARGET = 14.1;
				MTL_ENABLE_DEBUG_INFO = NO;
				MTL_FAST_MATH = YES;
				SDKROOT = iphoneos;
				SWIFT_COMPILATION_MODE = wholemodule;
				SWIFT_OPTIMIZATION_LEVEL = "-O";
				VALIDATE_PRODUCT = YES;
			};
			name = Release;
		};
		86813FE52374EAE600DA5F23 /* Debug */ = {
			isa = XCBuildConfiguration;
			baseConfigurationReference = E9ED44CF9914AC45A0A10712 /* Pods-Focus Timer.debug.xcconfig */;
			buildSettings = {
				ASSETCATALOG_COMPILER_APPICON_NAME = AppIcon;
				CODE_SIGN_STYLE = Automatic;
				INFOPLIST_FILE = "$(SRCROOT)/Focus Timer/Supporting files/Info.plist";
				LD_RUNPATH_SEARCH_PATHS = (
					"$(inherited)",
					"@executable_path/Frameworks",
				);
				MARKETING_VERSION = 1.1;
				PRODUCT_BUNDLE_IDENTIFIER = "vladislavSamelchuk.Focus-Timer";
				PRODUCT_NAME = "$(TARGET_NAME)";
				SWIFT_VERSION = 5.0;
				TARGETED_DEVICE_FAMILY = "1,2";
			};
			name = Debug;
		};
		86813FE62374EAE600DA5F23 /* Release */ = {
			isa = XCBuildConfiguration;
			baseConfigurationReference = CDDC9E560FB4965617CC42E4 /* Pods-Focus Timer.release.xcconfig */;
			buildSettings = {
				ASSETCATALOG_COMPILER_APPICON_NAME = AppIcon;
				CODE_SIGN_STYLE = Automatic;
				INFOPLIST_FILE = "$(SRCROOT)/Focus Timer/Supporting files/Info.plist";
				LD_RUNPATH_SEARCH_PATHS = (
					"$(inherited)",
					"@executable_path/Frameworks",
				);
				MARKETING_VERSION = 1.1;
				PRODUCT_BUNDLE_IDENTIFIER = "vladislavSamelchuk.Focus-Timer";
				PRODUCT_NAME = "$(TARGET_NAME)";
				SWIFT_VERSION = 5.0;
				TARGETED_DEVICE_FAMILY = "1,2";
			};
			name = Release;
		};
		86D5342127702046001D0241 /* Debug */ = {
			isa = XCBuildConfiguration;
			buildSettings = {
				BUNDLE_LOADER = "$(TEST_HOST)";
				CODE_SIGN_STYLE = Automatic;
				INFOPLIST_FILE = "Focus TimerTests/Info.plist";
				IPHONEOS_DEPLOYMENT_TARGET = 14.4;
				LD_RUNPATH_SEARCH_PATHS = (
					"$(inherited)",
					"@executable_path/Frameworks",
					"@loader_path/Frameworks",
				);
				PRODUCT_BUNDLE_IDENTIFIER = "vladislavSamelchuk.Focus-TimerTests";
				PRODUCT_NAME = "$(TARGET_NAME)";
				SWIFT_VERSION = 5.0;
				TARGETED_DEVICE_FAMILY = "1,2";
				TEST_HOST = "$(BUILT_PRODUCTS_DIR)/Focus Timer.app/Focus Timer";
			};
			name = Debug;
		};
		86D5342227702046001D0241 /* Release */ = {
			isa = XCBuildConfiguration;
			buildSettings = {
				BUNDLE_LOADER = "$(TEST_HOST)";
				CODE_SIGN_STYLE = Automatic;
				INFOPLIST_FILE = "Focus TimerTests/Info.plist";
				IPHONEOS_DEPLOYMENT_TARGET = 14.4;
				LD_RUNPATH_SEARCH_PATHS = (
					"$(inherited)",
					"@executable_path/Frameworks",
					"@loader_path/Frameworks",
				);
				PRODUCT_BUNDLE_IDENTIFIER = "vladislavSamelchuk.Focus-TimerTests";
				PRODUCT_NAME = "$(TARGET_NAME)";
				SWIFT_VERSION = 5.0;
				TARGETED_DEVICE_FAMILY = "1,2";
				TEST_HOST = "$(BUILT_PRODUCTS_DIR)/Focus Timer.app/Focus Timer";
			};
			name = Release;
		};
/* End XCBuildConfiguration section */

/* Begin XCConfigurationList section */
		86813FCB2374EAE300DA5F23 /* Build configuration list for PBXProject "Focus Timer" */ = {
			isa = XCConfigurationList;
			buildConfigurations = (
				86813FE22374EAE600DA5F23 /* Debug */,
				86813FE32374EAE600DA5F23 /* Release */,
			);
			defaultConfigurationIsVisible = 0;
			defaultConfigurationName = Release;
		};
		86813FE42374EAE600DA5F23 /* Build configuration list for PBXNativeTarget "Focus Timer" */ = {
			isa = XCConfigurationList;
			buildConfigurations = (
				86813FE52374EAE600DA5F23 /* Debug */,
				86813FE62374EAE600DA5F23 /* Release */,
			);
			defaultConfigurationIsVisible = 0;
			defaultConfigurationName = Release;
		};
		86D5342327702046001D0241 /* Build configuration list for PBXNativeTarget "Focus TimerTests" */ = {
			isa = XCConfigurationList;
			buildConfigurations = (
				86D5342127702046001D0241 /* Debug */,
				86D5342227702046001D0241 /* Release */,
			);
			defaultConfigurationIsVisible = 0;
			defaultConfigurationName = Release;
		};
/* End XCConfigurationList section */
	};
	rootObject = 86813FC82374EAE300DA5F23 /* Project object */;
}
